<?xml version="1.0" encoding="utf-8"?>
<Project ToolsVersion="4.0" xmlns="http://schemas.microsoft.com/developer/msbuild/2003">
  <ItemGroup>
    <Filter Include="Quelldateien">
      <UniqueIdentifier>{4FC737F1-C7A5-4376-A066-2A32D752A2FF}</UniqueIdentifier>
      <Extensions>cpp;c;cc;cxx;def;odl;idl;hpj;bat;asm;asmx</Extensions>
    </Filter>
    <Filter Include="Headerdateien">
      <UniqueIdentifier>{93995380-89BD-4b04-88EB-625FBE52EBFB}</UniqueIdentifier>
      <Extensions>h;hh;hpp;hxx;hm;inl;inc;ipp;xsd</Extensions>
    </Filter>
    <Filter Include="Ressourcendateien">
      <UniqueIdentifier>{67DA6AB6-F800-4c08-8B7A-83BB121AAD01}</UniqueIdentifier>
      <Extensions>rc;ico;cur;bmp;dlg;rc2;rct;bin;rgs;gif;jpg;jpeg;jpe;resx;tiff;tif;png;wav;mfcribbon-ms</Extensions>
    </Filter>
  </ItemGroup>
  <ItemGroup>
    <ClInclude Include="..\c.h">
      <Filter>Headerdateien</Filter>
    </ClInclude>
    <ClInclude Include="..\funcs.h">
      <Filter>Headerdateien</Filter>
    </ClInclude>
    <ClInclude Include="..\manifest.h">
      <Filter>Headerdateien</Filter>
    </ClInclude>
    <ClInclude Include="..\ff_misc.h">
      <Filter>Headerdateien</Filter>
    </ClInclude>
    <ClInclude Include="..\node.h">
      <Filter>Headerdateien</Filter>
    </ClInclude>
    <ClInclude Include="..\PARM.h">
      <Filter>Headerdateien</Filter>
    </ClInclude>
    <ClInclude Include="..\preview.h">
      <Filter>Headerdateien</Filter>
    </ClInclude>
    <ClInclude Include="..\scripting.h">
      <Filter>Headerdateien</Filter>
    </ClInclude>
    <ClInclude Include="..\symtab.h">
      <Filter>Headerdateien</Filter>
    </ClInclude>
    <ClInclude Include="..\ui.h">
      <Filter>Headerdateien</Filter>
    </ClInclude>
    <ClInclude Include="..\unistd.h">
      <Filter>Headerdateien</Filter>
    </ClInclude>
    <ClInclude Include="..\version.h">
      <Filter>Headerdateien</Filter>
    </ClInclude>
    <ClInclude Include="..\versioninfo_modify_win.h">
      <Filter>Headerdateien</Filter>
    </ClInclude>
    <ClInclude Include="..\telegraphics_common\tt\choosefile.h">
      <Filter>Headerdateien</Filter>
    </ClInclude>
    <ClInclude Include="..\telegraphics_common\tt\compat_string.h">
      <Filter>Headerdateien</Filter>
    </ClInclude>
    <ClInclude Include="..\telegraphics_common\tt\compat_win.h">
      <Filter>Headerdateien</Filter>
    </ClInclude>
    <ClInclude Include="..\telegraphics_common\tt\dbg.h">
      <Filter>Headerdateien</Filter>
    </ClInclude>
    <ClInclude Include="..\telegraphics_common\tt\file_compat.h">
      <Filter>Headerdateien</Filter>
    </ClInclude>
    <ClInclude Include="..\telegraphics_common\tt\sprintf_tiny.h">
      <Filter>Headerdateien</Filter>
    </ClInclude>
    <ClInclude Include="..\telegraphics_common\tt\str.h">
      <Filter>Headerdateien</Filter>
    </ClInclude>
    <ClInclude Include="..\telegraphics_common\tt\ui_compat.h">
      <Filter>Headerdateien</Filter>
    </ClInclude>
    <ClInclude Include="..\ff.h">
      <Filter>Headerdateien</Filter>
    </ClInclude>
    <ClInclude Include="..\telegraphics_common\adobeplugin\entry.h">
      <Filter>Headerdateien</Filter>
    </ClInclude>
    <ClInclude Include="..\telegraphics_common\adobeplugin\world.h">
      <Filter>Headerdateien</Filter>
    </ClInclude>
    <ClInclude Include="..\telegraphics_common\tt\compat_win_resource.h">
      <Filter>Headerdateien</Filter>
    </ClInclude>
    <ClInclude Include="..\slider_win.h">
      <Filter>Headerdateien</Filter>
    </ClInclude>
  </ItemGroup>
  <ItemGroup>
    <ClCompile Include="..\telegraphics_common\adobeplugin\dllmain.c">
      <Filter>Quelldateien</Filter>
    </ClCompile>
    <ClCompile Include="..\telegraphics_common\tt\choosefile_win.c">
      <Filter>Quelldateien</Filter>
    </ClCompile>
    <ClCompile Include="..\telegraphics_common\tt\compat_string.c">
      <Filter>Quelldateien</Filter>
    </ClCompile>
    <ClCompile Include="..\telegraphics_common\tt\compat_win.c">
      <Filter>Quelldateien</Filter>
    </ClCompile>
    <ClCompile Include="..\telegraphics_common\tt\dbg_win.c">
      <Filter>Quelldateien</Filter>
    </ClCompile>
    <ClCompile Include="..\telegraphics_common\tt\file_compat_win.c">
      <Filter>Quelldateien</Filter>
    </ClCompile>
    <ClCompile Include="..\telegraphics_common\tt\str.c">
      <Filter>Quelldateien</Filter>
    </ClCompile>
    <ClCompile Include="..\telegraphics_common\tt\ui_compat_win.c">
      <Filter>Quelldateien</Filter>
    </ClCompile>
    <ClCompile Include="..\funcs.c">
      <Filter>Quelldateien</Filter>
    </ClCompile>
    <ClCompile Include="..\lex_yy.c">
      <Filter>Quelldateien</Filter>
    </ClCompile>
    <ClCompile Include="..\load_win.c">
      <Filter>Quelldateien</Filter>
    </ClCompile>
    <ClCompile Include="..\main.c">
      <Filter>Quelldateien</Filter>
    </ClCompile>
    <ClCompile Include="..\make.c">
      <Filter>Quelldateien</Filter>
    </ClCompile>
    <ClCompile Include="..\make_win.c">
      <Filter>Quelldateien</Filter>
    </ClCompile>
    <ClCompile Include="..\manifest.c">
      <Filter>Quelldateien</Filter>
    </ClCompile>
    <ClCompile Include="..\node.c">
      <Filter>Quelldateien</Filter>
    </ClCompile>
    <ClCompile Include="..\preview.c">
      <Filter>Quelldateien</Filter>
    </ClCompile>
    <ClCompile Include="..\process.c">
      <Filter>Quelldateien</Filter>
    </ClCompile>
    <ClCompile Include="..\read.c">
      <Filter>Quelldateien</Filter>
    </ClCompile>
    <ClCompile Include="..\save.c">
      <Filter>Quelldateien</Filter>
    </ClCompile>
    <ClCompile Include="..\scripting.c">
      <Filter>Quelldateien</Filter>
    </ClCompile>
    <ClCompile Include="..\symtab.c">
      <Filter>Quelldateien</Filter>
    </ClCompile>
    <ClCompile Include="..\ui.c">
      <Filter>Quelldateien</Filter>
    </ClCompile>
    <ClCompile Include="..\ui_build.c">
      <Filter>Quelldateien</Filter>
    </ClCompile>
    <ClCompile Include="..\ui_build_win.c">
      <Filter>Quelldateien</Filter>
    </ClCompile>
    <ClCompile Include="..\ui_win.c">
      <Filter>Quelldateien</Filter>
    </ClCompile>
    <ClCompile Include="..\versioninfo_modify_win.c">
      <Filter>Quelldateien</Filter>
    </ClCompile>
    <ClCompile Include="..\obfusc.c">
      <Filter>Quelldateien</Filter>
    </ClCompile>
    <ClCompile Include="..\telegraphics_common\tt\compat_win_resource.c">
      <Filter>Quelldateien</Filter>
    </ClCompile>
    <ClCompile Include="..\slider_win.c">
      <Filter>Quelldateien</Filter>
    </ClCompile>
  </ItemGroup>
  <ItemGroup>
    <ResourceCompile Include="..\win_res.rc">
      <Filter>Ressourcendateien</Filter>
    </ResourceCompile>
  </ItemGroup>
</Project>