
Microsoft Visual Studio Solution File, Format Version 12.00
# Visual Studio 15
VisualStudioVersion = 15.0.28307.271
MinimumVisualStudioVersion = 10.0.40219.1
Project("{8BC9CEB8-8B4A-11D0-8D11-00A0C91BC942}") = "FilterFoundry", "FilterFoundry.vcxproj", "{156A2EDB-4922-422D-80DD-3A52308C7C15}"
EndProject
Global
	GlobalSection(SolutionConfigurationPlatforms) = preSolution
		Debug|x64 = Debug|x64
		Debug|x86 = Debug|x86
		Release|x64 = Release|x64
		Release|x86 = Release|x86
	EndGlobalSection
	GlobalSection(ProjectConfigurationPlatforms) = postSolution
		{156A2EDB-4922-422D-80DD-3A52308C7C15}.Debug|x64.ActiveCfg = Debug|x64
		{156A2EDB-4922-422D-80DD-3A52308C7C15}.Debug|x64.Build.0 = Debug|x64
		{156A2EDB-4922-422D-80DD-3A52308C7C15}.Debug|x86.ActiveCfg = Debug|Win32
		{156A2EDB-4922-422D-80DD-3A52308C7C15}.Debug|x86.Build.0 = Debug|Win32
		{156A2EDB-4922-422D-80DD-3A52308C7C15}.Release|x64.ActiveCfg = Release|x64
		{156A2EDB-4922-422D-80DD-3A52308C7C15}.Release|x64.Build.0 = Release|x64
		{156A2EDB-4922-422D-80DD-3A52308C7C15}.Release|x86.ActiveCfg = Release|Win32
		{156A2EDB-4922-422D-80DD-3A52308C7C15}.Release|x86.Build.0 = Release|Win32
	EndGlobalSection
	GlobalSection(SolutionProperties) = preSolution
		HideSolutionNode = FALSE
	EndGlobalSection
	GlobalSection(ExtensibilityGlobals) = postSolution
		SolutionGuid = {C0C38A68-7D1B-4F45-83A1-80336E5EF264}
	EndGlobalSection
EndGlobal
